
Microsoft Visual Studio Solution File, Format Version 12.00
# Visual Studio Version 17
VisualStudioVersion = 17.4.33205.214
MinimumVisualStudioVersion = 10.0.40219.1
Project("{FAE04EC0-301F-11D3-BF4B-00C04F79EFBC}") = "WebApplication_TestRenderbody", "WebApplication_TestRenderbody\WebApplication_TestRenderbody.csproj", "{BA634926-83CE-4077-9F6E-70F2A88F4A2C}"
EndProject
Global
	GlobalSection(SolutionConfigurationPlatforms) = preSolution
		Debug|Any CPU = Debug|Any CPU
		Release|Any CPU = Release|Any CPU
	EndGlobalSection
	GlobalSection(ProjectConfigurationPlatforms) = postSolution
		{BA634926-83CE-4077-9F6E-70F2A88F4A2C}.Debug|Any CPU.ActiveCfg = Debug|Any CPU
		{BA634926-83CE-4077-9F6E-70F2A88F4A2C}.Debug|Any CPU.Build.0 = Debug|Any CPU
		{BA634926-83CE-4077-9F6E-70F2A88F4A2C}.Release|Any CPU.ActiveCfg = Release|Any CPU
		{BA634926-83CE-4077-9F6E-70F2A88F4A2C}.Release|Any CPU.Build.0 = Release|Any CPU
	EndGlobalSection
	GlobalSection(SolutionProperties) = preSolution
		HideSolutionNode = FALSE
	EndGlobalSection
	GlobalSection(ExtensibilityGlobals) = postSolution
		SolutionGuid = {39177B8F-A28C-42BE-B5F2-E42020F5FEDD}
	EndGlobalSection
EndGlobal
